
Microsoft Visual Studio Solution File, Format Version 12.00
# Visual Studio 2012
Project("{FAE04EC0-301F-11D3-BF4B-00C04F79EFBC}") = "Gribouillage", "Gribouillage\Gribouillage\Gribouillage.csproj", "{0E2B52C8-7483-4FD9-BE1E-9CA3B8E021E3}"
EndProject
Project("{FAE04EC0-301F-11D3-BF4B-00C04F79EFBC}") = "Gribouillage.Android", "Gribouillage\Gribouillage.Android\Gribouillage.Android.csproj", "{70000EBC-1DA9-411C-972E-4E987A11B409}"
EndProject
Project("{FAE04EC0-301F-11D3-BF4B-00C04F79EFBC}") = "Gribouillage.iOS", "Gribouillage\Gribouillage.iOS\Gribouillage.iOS.csproj", "{4826BC7E-73BB-476B-BCCB-EC6ECA1AA34E}"
EndProject
Global
	GlobalSection(SolutionConfigurationPlatforms) = preSolution
		Debug|Any CPU = Debug|Any CPU
		Release|Any CPU = Release|Any CPU
		Debug|iPhoneSimulator = Debug|iPhoneSimulator
		Release|iPhoneSimulator = Release|iPhoneSimulator
		Debug|iPhone = Debug|iPhone
		Release|iPhone = Release|iPhone
		Ad-Hoc|iPhone = Ad-Hoc|iPhone
		AppStore|iPhone = AppStore|iPhone
	EndGlobalSection
	GlobalSection(ProjectConfigurationPlatforms) = postSolution
		{0E2B52C8-7483-4FD9-BE1E-9CA3B8E021E3}.Debug|Any CPU.ActiveCfg = Debug|Any CPU
		{0E2B52C8-7483-4FD9-BE1E-9CA3B8E021E3}.Debug|Any CPU.Build.0 = Debug|Any CPU
		{0E2B52C8-7483-4FD9-BE1E-9CA3B8E021E3}.Release|Any CPU.ActiveCfg = Release|Any CPU
		{0E2B52C8-7483-4FD9-BE1E-9CA3B8E021E3}.Release|Any CPU.Build.0 = Release|Any CPU
		{0E2B52C8-7483-4FD9-BE1E-9CA3B8E021E3}.Debug|iPhoneSimulator.ActiveCfg = Debug|Any CPU
		{0E2B52C8-7483-4FD9-BE1E-9CA3B8E021E3}.Debug|iPhoneSimulator.Build.0 = Debug|Any CPU
		{0E2B52C8-7483-4FD9-BE1E-9CA3B8E021E3}.Release|iPhoneSimulator.ActiveCfg = Release|Any CPU
		{0E2B52C8-7483-4FD9-BE1E-9CA3B8E021E3}.Release|iPhoneSimulator.Build.0 = Release|Any CPU
		{0E2B52C8-7483-4FD9-BE1E-9CA3B8E021E3}.Debug|iPhone.ActiveCfg = Debug|Any CPU
		{0E2B52C8-7483-4FD9-BE1E-9CA3B8E021E3}.Debug|iPhone.Build.0 = Debug|Any CPU
		{0E2B52C8-7483-4FD9-BE1E-9CA3B8E021E3}.Release|iPhone.ActiveCfg = Release|Any CPU
		{0E2B52C8-7483-4FD9-BE1E-9CA3B8E021E3}.Release|iPhone.Build.0 = Release|Any CPU
		{0E2B52C8-7483-4FD9-BE1E-9CA3B8E021E3}.Ad-Hoc|iPhone.ActiveCfg = Debug|Any CPU
		{0E2B52C8-7483-4FD9-BE1E-9CA3B8E021E3}.Ad-Hoc|iPhone.Build.0 = Debug|Any CPU
		{0E2B52C8-7483-4FD9-BE1E-9CA3B8E021E3}.AppStore|iPhone.ActiveCfg = Debug|Any CPU
		{0E2B52C8-7483-4FD9-BE1E-9CA3B8E021E3}.AppStore|iPhone.Build.0 = Debug|Any CPU
		{70000EBC-1DA9-411C-972E-4E987A11B409}.Debug|Any CPU.ActiveCfg = Debug|Any CPU
		{70000EBC-1DA9-411C-972E-4E987A11B409}.Debug|Any CPU.Build.0 = Debug|Any CPU
		{70000EBC-1DA9-411C-972E-4E987A11B409}.Release|Any CPU.ActiveCfg = Release|Any CPU
		{70000EBC-1DA9-411C-972E-4E987A11B409}.Release|Any CPU.Build.0 = Release|Any CPU
		{70000EBC-1DA9-411C-972E-4E987A11B409}.Debug|iPhoneSimulator.ActiveCfg = Debug|Any CPU
		{70000EBC-1DA9-411C-972E-4E987A11B409}.Debug|iPhoneSimulator.Build.0 = Debug|Any CPU
		{70000EBC-1DA9-411C-972E-4E987A11B409}.Release|iPhoneSimulator.ActiveCfg = Release|Any CPU
		{70000EBC-1DA9-411C-972E-4E987A11B409}.Release|iPhoneSimulator.Build.0 = Release|Any CPU
		{70000EBC-1DA9-411C-972E-4E987A11B409}.Debug|iPhone.ActiveCfg = Debug|Any CPU
		{70000EBC-1DA9-411C-972E-4E987A11B409}.Debug|iPhone.Build.0 = Debug|Any CPU
		{70000EBC-1DA9-411C-972E-4E987A11B409}.Release|iPhone.ActiveCfg = Release|Any CPU
		{70000EBC-1DA9-411C-972E-4E987A11B409}.Release|iPhone.Build.0 = Release|Any CPU
		{70000EBC-1DA9-411C-972E-4E987A11B409}.Ad-Hoc|iPhone.ActiveCfg = Debug|Any CPU
		{70000EBC-1DA9-411C-972E-4E987A11B409}.Ad-Hoc|iPhone.Build.0 = Debug|Any CPU
		{70000EBC-1DA9-411C-972E-4E987A11B409}.AppStore|iPhone.ActiveCfg = Debug|Any CPU
		{70000EBC-1DA9-411C-972E-4E987A11B409}.AppStore|iPhone.Build.0 = Debug|Any CPU
		{4826BC7E-73BB-476B-BCCB-EC6ECA1AA34E}.Debug|Any CPU.ActiveCfg = Debug|iPhoneSimulator
		{4826BC7E-73BB-476B-BCCB-EC6ECA1AA34E}.Debug|Any CPU.Build.0 = Debug|iPhoneSimulator
		{4826BC7E-73BB-476B-BCCB-EC6ECA1AA34E}.Release|Any CPU.ActiveCfg = Release|iPhoneSimulator
		{4826BC7E-73BB-476B-BCCB-EC6ECA1AA34E}.Release|Any CPU.Build.0 = Release|iPhoneSimulator
		{4826BC7E-73BB-476B-BCCB-EC6ECA1AA34E}.Debug|iPhoneSimulator.ActiveCfg = Debug|iPhoneSimulator
		{4826BC7E-73BB-476B-BCCB-EC6ECA1AA34E}.Debug|iPhoneSimulator.Build.0 = Debug|iPhoneSimulator
		{4826BC7E-73BB-476B-BCCB-EC6ECA1AA34E}.Release|iPhoneSimulator.ActiveCfg = Release|iPhoneSimulator
		{4826BC7E-73BB-476B-BCCB-EC6ECA1AA34E}.Release|iPhoneSimulator.Build.0 = Release|iPhoneSimulator
		{4826BC7E-73BB-476B-BCCB-EC6ECA1AA34E}.Debug|iPhone.ActiveCfg = Debug|iPhone
		{4826BC7E-73BB-476B-BCCB-EC6ECA1AA34E}.Debug|iPhone.Build.0 = Debug|iPhone
		{4826BC7E-73BB-476B-BCCB-EC6ECA1AA34E}.Release|iPhone.ActiveCfg = Release|iPhone
		{4826BC7E-73BB-476B-BCCB-EC6ECA1AA34E}.Release|iPhone.Build.0 = Release|iPhone
		{4826BC7E-73BB-476B-BCCB-EC6ECA1AA34E}.Ad-Hoc|iPhone.ActiveCfg = Ad-Hoc|iPhone
		{4826BC7E-73BB-476B-BCCB-EC6ECA1AA34E}.Ad-Hoc|iPhone.Build.0 = Ad-Hoc|iPhone
		{4826BC7E-73BB-476B-BCCB-EC6ECA1AA34E}.AppStore|iPhone.ActiveCfg = AppStore|iPhone
		{4826BC7E-73BB-476B-BCCB-EC6ECA1AA34E}.AppStore|iPhone.Build.0 = AppStore|iPhone
	EndGlobalSection
EndGlobal
